<?xml version="1.0" encoding="utf-8"?>
<Project ToolsVersion="4.0" xmlns="http://schemas.microsoft.com/developer/msbuild/2003">
  <ItemGroup>
    <Filter Include="源文件">
      <UniqueIdentifier>{4FC737F1-C7A5-4376-A066-2A32D752A2FF}</UniqueIdentifier>
      <Extensions>cpp;c;cc;cxx;def;odl;idl;hpj;bat;asm;asmx</Extensions>
    </Filter>
    <Filter Include="头文件">
      <UniqueIdentifier>{93995380-89BD-4b04-88EB-625FBE52EBFB}</UniqueIdentifier>
      <Extensions>h;hh;hpp;hxx;hm;inl;inc;xsd</Extensions>
    </Filter>
    <Filter Include="资源文件">
      <UniqueIdentifier>{67DA6AB6-F800-4c08-8B7A-83BB121AAD01}</UniqueIdentifier>
      <Extensions>rc;ico;cur;bmp;dlg;rc2;rct;bin;rgs;gif;jpg;jpeg;jpe;resx;tiff;tif;png;wav;mfcribbon-ms</Extensions>
    </Filter>
    <Filter Include="jsoncpp">
      <UniqueIdentifier>{1b35f601-0006-43cb-b096-0aa92d87a2ef}</UniqueIdentifier>
    </Filter>
    <Filter Include="pystring">
      <UniqueIdentifier>{edc72904-c7d0-4589-a516-cd9be49215d9}</UniqueIdentifier>
    </Filter>
    <Filter Include="HttpHelper">
      <UniqueIdentifier>{a04e37c6-81d4-4148-bf5f-5dabf21a6f7a}</UniqueIdentifier>
    </Filter>
    <Filter Include="restclient-cpp">
      <UniqueIdentifier>{70f32840-ba5d-45e7-bbfe-7254ce36aa5a}</UniqueIdentifier>
    </Filter>
    <Filter Include="ArxTools">
      <UniqueIdentifier>{43daf24a-d21c-415e-baee-f3daca4d2e14}</UniqueIdentifier>
    </Filter>
    <Filter Include="Auth">
      <UniqueIdentifier>{f16c8043-c2b7-4136-a6ac-876a44eecdc3}</UniqueIdentifier>
    </Filter>
    <Filter Include="Auth\DES">
      <UniqueIdentifier>{2353d44f-6cde-4d25-a064-a580afb93919}</UniqueIdentifier>
    </Filter>
    <Filter Include="Auth\base64">
      <UniqueIdentifier>{f2b09d44-7cea-4e55-b554-2f885eeee06c}</UniqueIdentifier>
    </Filter>
    <Filter Include="Auth\Auth">
      <UniqueIdentifier>{9b9f5f2b-f7f9-45d6-ac3c-d5d641139fe3}</UniqueIdentifier>
    </Filter>
  </ItemGroup>
  <ItemGroup>
    <ClCompile Include="StdAfx.cpp">
      <Filter>源文件</Filter>
    </ClCompile>
    <ClCompile Include="..\jsoncpp\src\json_reader.cpp">
      <Filter>jsoncpp</Filter>
    </ClCompile>
    <ClCompile Include="..\jsoncpp\src\json_value.cpp">
      <Filter>jsoncpp</Filter>
    </ClCompile>
    <ClCompile Include="..\jsoncpp\src\json_writer.cpp">
      <Filter>jsoncpp</Filter>
    </ClCompile>
    <ClCompile Include="..\HttpHelper\HttpHelper.cpp">
      <Filter>HttpHelper</Filter>
    </ClCompile>
    <ClCompile Include="..\HttpHelper\url.cpp">
      <Filter>HttpHelper</Filter>
    </ClCompile>
    <ClCompile Include="..\HttpHelper\UrlCoding.cpp">
      <Filter>HttpHelper</Filter>
    </ClCompile>
    <ClCompile Include="..\pystring\pystring.cpp">
      <Filter>pystring</Filter>
    </ClCompile>
    <ClCompile Include="..\restclient-cpp\source\connection.cc">
      <Filter>restclient-cpp</Filter>
    </ClCompile>
    <ClCompile Include="..\restclient-cpp\source\helpers.cc">
      <Filter>restclient-cpp</Filter>
    </ClCompile>
    <ClCompile Include="..\restclient-cpp\source\restclient.cc">
      <Filter>restclient-cpp</Filter>
    </ClCompile>
    <ClCompile Include="..\..\ArxTools\ArxProgressBar.cpp">
      <Filter>ArxTools</Filter>
    </ClCompile>
    <ClCompile Include="..\..\ArxTools\Convertor.cpp">
      <Filter>ArxTools</Filter>
    </ClCompile>
    <ClCompile Include="..\..\ArxTools\DBHelper.cpp">
      <Filter>ArxTools</Filter>
    </ClCompile>
    <ClCompile Include="..\..\ArxTools\DelayExecuter.cpp">
      <Filter>ArxTools</Filter>
    </ClCompile>
    <ClCompile Include="..\..\ArxTools\GeHelper.cpp">
      <Filter>ArxTools</Filter>
    </ClCompile>
    <ClCompile Include="..\..\ArxTools\gpc.cpp">
      <Filter>ArxTools</Filter>
    </ClCompile>
    <ClCompile Include="..\..\ArxTools\JigHelper.cpp">
      <Filter>ArxTools</Filter>
    </ClCompile>
    <ClCompile Include="..\..\ArxTools\LineSelect.cpp">
      <Filter>ArxTools</Filter>
    </ClCompile>
    <ClCompile Include="..\..\ArxTools\LoadCuix.cpp">
      <Filter>ArxTools</Filter>
    </ClCompile>
    <ClCompile Include="..\..\ArxTools\Opera.cpp">
      <Filter>ArxTools</Filter>
    </ClCompile>
    <ClCompile Include="..\..\ArxTools\PointInPolygon.cpp">
      <Filter>ArxTools</Filter>
    </ClCompile>
    <ClCompile Include="..\..\ArxTools\SDBDumyJigEntity.cpp">
      <Filter>ArxTools</Filter>
    </ClCompile>
    <ClCompile Include="..\..\ArxTools\win_iconv.cpp">
      <Filter>ArxTools</Filter>
    </ClCompile>
    <ClCompile Include="..\DES_CBC_5\cipher_des.cpp">
      <Filter>Auth\DES</Filter>
    </ClCompile>
    <ClCompile Include="..\DES_CBC_5\cipher_padding.cpp">
      <Filter>Auth\DES</Filter>
    </ClCompile>
    <ClCompile Include="..\DES_CBC_5\DesHelper.cpp">
      <Filter>Auth\DES</Filter>
    </ClCompile>
    <ClCompile Include="..\DES_CBC_5\utils.cpp">
      <Filter>Auth\DES</Filter>
    </ClCompile>
    <ClCompile Include="..\base64\base64.cpp">
      <Filter>Auth\base64</Filter>
    </ClCompile>
    <ClCompile Include="Authenticate.cpp">
      <Filter>Auth\Auth</Filter>
    </ClCompile>
    <ClCompile Include="HardDiskSerial.cpp">
      <Filter>Auth\Auth</Filter>
    </ClCompile>
    <ClCompile Include="acrxEntryPoint.cpp">
      <Filter>源文件</Filter>
    </ClCompile>
    <ClCompile Include="ArxDialog.cpp">
      <Filter>源文件</Filter>
    </ClCompile>
    <ClCompile Include="DlgWaiting.cpp">
      <Filter>源文件</Filter>
    </ClCompile>
    <ClCompile Include="DocData.cpp">
      <Filter>源文件</Filter>
    </ClCompile>
    <ClCompile Include="EquipmentroomTool.cpp">
      <Filter>源文件</Filter>
    </ClCompile>
    <ClCompile Include="MyEdit.cpp">
      <Filter>源文件</Filter>
    </ClCompile>
    <ClCompile Include="OperaEquipmentroomRelated.cpp">
      <Filter>源文件</Filter>
    </ClCompile>
    <ClCompile Include="OperaFirePoolSet.cpp">
      <Filter>源文件</Filter>
    </ClCompile>
    <ClCompile Include="OperaFirePumpHouseSet.cpp">
      <Filter>源文件</Filter>
    </ClCompile>
    <ClCompile Include="OperaLifePumpHouseSet.cpp">
      <Filter>源文件</Filter>
    </ClCompile>
    <ClCompile Include="OperaLivingWaterTankSet.cpp">
      <Filter>源文件</Filter>
    </ClCompile>
    <ClCompile Include="OperaParkingSpaceShow.cpp">
      <Filter>源文件</Filter>
    </ClCompile>
    <ClCompile Include="OperaVillageSet.cpp">
      <Filter>源文件</Filter>
    </ClCompile>
    <ClCompile Include="Parking_cad.cpp">
      <Filter>源文件</Filter>
    </ClCompile>
    <ClCompile Include="PictureEx.cpp">
      <Filter>源文件</Filter>
    </ClCompile>
  </ItemGroup>
  <ItemGroup>
    <ClInclude Include="..\jsoncpp\src\json_tool.h">
      <Filter>jsoncpp</Filter>
    </ClInclude>
    <ClInclude Include="..\jsoncpp\src\version.h">
      <Filter>jsoncpp</Filter>
    </ClInclude>
    <ClInclude Include="..\HttpHelper\HttpHelper.h">
      <Filter>HttpHelper</Filter>
    </ClInclude>
    <ClInclude Include="..\HttpHelper\url.hpp">
      <Filter>HttpHelper</Filter>
    </ClInclude>
    <ClInclude Include="..\HttpHelper\UrlCoding.h">
      <Filter>HttpHelper</Filter>
    </ClInclude>
    <ClInclude Include="..\pystring\pystring.h">
      <Filter>pystring</Filter>
    </ClInclude>
    <ClInclude Include="..\..\ArxTools\ArxProgressBar.h">
      <Filter>ArxTools</Filter>
    </ClInclude>
    <ClInclude Include="..\..\ArxTools\AutoRegCmd.h">
      <Filter>ArxTools</Filter>
    </ClInclude>
    <ClInclude Include="..\..\ArxTools\ClassFactory.h">
      <Filter>ArxTools</Filter>
    </ClInclude>
    <ClInclude Include="..\..\ArxTools\Convertor.h">
      <Filter>ArxTools</Filter>
    </ClInclude>
    <ClInclude Include="..\..\ArxTools\DBHelper.h">
      <Filter>ArxTools</Filter>
    </ClInclude>
    <ClInclude Include="..\..\ArxTools\DelayExecuter.h">
      <Filter>ArxTools</Filter>
    </ClInclude>
    <ClInclude Include="..\..\ArxTools\GeHelper.h">
      <Filter>ArxTools</Filter>
    </ClInclude>
    <ClInclude Include="..\..\ArxTools\gpc.h">
      <Filter>ArxTools</Filter>
    </ClInclude>
    <ClInclude Include="..\..\ArxTools\iconv.h">
      <Filter>ArxTools</Filter>
    </ClInclude>
    <ClInclude Include="..\..\ArxTools\JigHelper.h">
      <Filter>ArxTools</Filter>
    </ClInclude>
    <ClInclude Include="..\..\ArxTools\LineSelect.h">
      <Filter>ArxTools</Filter>
    </ClInclude>
    <ClInclude Include="..\..\ArxTools\LoadCuix.h">
      <Filter>ArxTools</Filter>
    </ClInclude>
    <ClInclude Include="..\..\ArxTools\Opera.h">
      <Filter>ArxTools</Filter>
    </ClInclude>
    <ClInclude Include="..\..\ArxTools\PointInPolygon.h">
      <Filter>ArxTools</Filter>
    </ClInclude>
    <ClInclude Include="..\..\ArxTools\RTreeEx.h">
      <Filter>ArxTools</Filter>
    </ClInclude>
    <ClInclude Include="..\..\ArxTools\SDBDumyJigEntity.h">
      <Filter>ArxTools</Filter>
    </ClInclude>
    <ClInclude Include="..\DES_CBC_5\cipher_des.h">
      <Filter>Auth\DES</Filter>
    </ClInclude>
    <ClInclude Include="..\DES_CBC_5\cipher_padding.h">
      <Filter>Auth\DES</Filter>
    </ClInclude>
    <ClInclude Include="..\DES_CBC_5\cipher_params.h">
      <Filter>Auth\DES</Filter>
    </ClInclude>
    <ClInclude Include="..\DES_CBC_5\DesHelper.h">
      <Filter>Auth\DES</Filter>
    </ClInclude>
    <ClInclude Include="..\DES_CBC_5\utils.h">
      <Filter>Auth\DES</Filter>
    </ClInclude>
    <ClInclude Include="..\base64\base64.h">
      <Filter>Auth\base64</Filter>
    </ClInclude>
    <ClInclude Include="Authenticate.h">
      <Filter>Auth\Auth</Filter>
    </ClInclude>
    <ClInclude Include="HardDiskSerial.h">
      <Filter>Auth\Auth</Filter>
    </ClInclude>
    <ClInclude Include="ArxDialog.h">
      <Filter>头文件</Filter>
    </ClInclude>
    <ClInclude Include="DlgWaiting.h">
      <Filter>头文件</Filter>
    </ClInclude>
    <ClInclude Include="DocData.h">
      <Filter>头文件</Filter>
    </ClInclude>
    <ClInclude Include="EquipmentroomTool.h">
      <Filter>头文件</Filter>
    </ClInclude>
    <ClInclude Include="MyEdit.h">
      <Filter>头文件</Filter>
    </ClInclude>
    <ClInclude Include="OperaEquipmentroomRelated.h">
      <Filter>头文件</Filter>
    </ClInclude>
    <ClInclude Include="OperaFirePoolSet.h">
      <Filter>头文件</Filter>
    </ClInclude>
    <ClInclude Include="OperaFirePumpHouseSet.h">
      <Filter>头文件</Filter>
    </ClInclude>
    <ClInclude Include="OperaLifePumpHouseSet.h">
      <Filter>头文件</Filter>
    </ClInclude>
    <ClInclude Include="OperaLivingWaterTankSet.h">
      <Filter>头文件</Filter>
    </ClInclude>
    <ClInclude Include="OperaParkingSpaceShow.h">
      <Filter>头文件</Filter>
    </ClInclude>
    <ClInclude Include="OperaVillageSet.h">
      <Filter>头文件</Filter>
    </ClInclude>
    <ClInclude Include="PictureEx.h">
      <Filter>头文件</Filter>
    </ClInclude>
    <ClInclude Include="resource.h">
      <Filter>头文件</Filter>
    </ClInclude>
    <ClInclude Include="StdAfx.h">
      <Filter>头文件</Filter>
    </ClInclude>
  </ItemGroup>
  <ItemGroup>
    <Text Include="..\..\ArxTools\readme.txt">
      <Filter>ArxTools</Filter>
    </Text>
  </ItemGroup>
  <ItemGroup>
    <None Include="..\jsoncpp\src\json_valueiterator.inl">
      <Filter>jsoncpp</Filter>
    </None>
    <None Include="..\..\ArxTools\DBHelper.inl">
      <Filter>ArxTools</Filter>
    </None>
    <None Include="..\..\ArxTools\设置环境变量.bat">
      <Filter>ArxTools</Filter>
    </None>
  </ItemGroup>
  <ItemGroup>
    <ResourceCompile Include="Parking_cad.rc">
      <Filter>资源文件</Filter>
    </ResourceCompile>
  </ItemGroup>
</Project>