<?xml version="1.0" encoding="utf-8"?>
<Project ToolsVersion="4.0" xmlns="http://schemas.microsoft.com/developer/msbuild/2003">
  <ItemGroup>
    <Filter Include="源文件">
      <UniqueIdentifier>{4FC737F1-C7A5-4376-A066-2A32D752A2FF}</UniqueIdentifier>
      <Extensions>cpp;c;cc;cxx;def;odl;idl;hpj;bat;asm;asmx</Extensions>
    </Filter>
    <Filter Include="头文件">
      <UniqueIdentifier>{93995380-89BD-4b04-88EB-625FBE52EBFB}</UniqueIdentifier>
      <Extensions>h;hpp;hxx;hm;inl;inc;xsd</Extensions>
    </Filter>
    <Filter Include="资源文件">
      <UniqueIdentifier>{67DA6AB6-F800-4c08-8B7A-83BB121AAD01}</UniqueIdentifier>
      <Extensions>rc;ico;cur;bmp;dlg;rc2;rct;bin;rgs;gif;jpg;jpeg;jpe;resx;tiff;tif;png;wav;mfcribbon-ms</Extensions>
    </Filter>
    <Filter Include="ArxTools">
      <UniqueIdentifier>{6e4ff5fc-323f-4062-b44f-c75265a0ff92}</UniqueIdentifier>
    </Filter>
    <Filter Include="Auth">
      <UniqueIdentifier>{381e6993-1991-4baf-98d1-c92c73fc04f9}</UniqueIdentifier>
    </Filter>
    <Filter Include="jsoncpp">
      <UniqueIdentifier>{e1d41656-3ed9-4409-891a-73401f2817fe}</UniqueIdentifier>
    </Filter>
    <Filter Include="pystring">
      <UniqueIdentifier>{5f7e1bae-d0e7-4cf1-8e79-c31930d546a5}</UniqueIdentifier>
    </Filter>
    <Filter Include="Auth\Auth">
      <UniqueIdentifier>{e281d06c-7de5-4056-b01e-11732a60cedf}</UniqueIdentifier>
    </Filter>
    <Filter Include="Auth\base64">
      <UniqueIdentifier>{9e12f238-de0e-4b69-936a-da82c9d7b634}</UniqueIdentifier>
    </Filter>
    <Filter Include="Auth\DES">
      <UniqueIdentifier>{9127eeb2-553c-4a5c-9628-cd7b66586e92}</UniqueIdentifier>
    </Filter>
    <Filter Include="TangentReader">
      <UniqueIdentifier>{b5465bec-3d26-42d3-ae97-0b39d644204b}</UniqueIdentifier>
    </Filter>
  </ItemGroup>
  <ItemGroup>
    <ClCompile Include="..\Parking_cad\acrxEntryPoint.cpp">
      <Filter>源文件</Filter>
    </ClCompile>
    <ClCompile Include="..\Parking_cad\ArxDialog.cpp">
      <Filter>源文件</Filter>
    </ClCompile>
    <ClCompile Include="..\Parking_cad\DlgWaiting.cpp">
      <Filter>源文件</Filter>
    </ClCompile>
    <ClCompile Include="..\Parking_cad\DocData.cpp">
      <Filter>源文件</Filter>
    </ClCompile>
    <ClCompile Include="..\Parking_cad\EquipmentroomTool.cpp">
      <Filter>源文件</Filter>
    </ClCompile>
    <ClCompile Include="..\Parking_cad\MyEdit.cpp">
      <Filter>源文件</Filter>
    </ClCompile>
    <ClCompile Include="..\Parking_cad\OperaEquipmentroomRelated.cpp">
      <Filter>源文件</Filter>
    </ClCompile>
    <ClCompile Include="..\Parking_cad\OperaFirePoolSet.cpp">
      <Filter>源文件</Filter>
    </ClCompile>
    <ClCompile Include="..\Parking_cad\OperaFirePumpHouseSet.cpp">
      <Filter>源文件</Filter>
    </ClCompile>
    <ClCompile Include="..\Parking_cad\OperaLifePumpHouseSet.cpp">
      <Filter>源文件</Filter>
    </ClCompile>
    <ClCompile Include="..\Parking_cad\OperaLivingWaterTankSet.cpp">
      <Filter>源文件</Filter>
    </ClCompile>
    <ClCompile Include="..\Parking_cad\OperaParkingSpaceShow.cpp">
      <Filter>源文件</Filter>
    </ClCompile>
    <ClCompile Include="..\Parking_cad\OperaVillageSet.cpp">
      <Filter>源文件</Filter>
    </ClCompile>
    <ClCompile Include="..\Parking_cad\Parking_cad.cpp">
      <Filter>源文件</Filter>
    </ClCompile>
    <ClCompile Include="..\Parking_cad\PictureEx.cpp">
      <Filter>源文件</Filter>
    </ClCompile>
    <ClCompile Include="..\Parking_cad\StdAfx.cpp">
      <Filter>源文件</Filter>
    </ClCompile>
    <ClCompile Include="..\..\ArxTools\ArxProgressBar.cpp">
      <Filter>ArxTools</Filter>
    </ClCompile>
    <ClCompile Include="..\..\ArxTools\CadPreviewCtrl.cpp">
      <Filter>ArxTools</Filter>
    </ClCompile>
    <ClCompile Include="..\..\ArxTools\Convertor.cpp">
      <Filter>ArxTools</Filter>
    </ClCompile>
    <ClCompile Include="..\..\ArxTools\DBHelper.cpp">
      <Filter>ArxTools</Filter>
    </ClCompile>
    <ClCompile Include="..\..\ArxTools\DelayExecuter.cpp">
      <Filter>ArxTools</Filter>
    </ClCompile>
    <ClCompile Include="..\..\ArxTools\FileHelper.cpp">
      <Filter>ArxTools</Filter>
    </ClCompile>
    <ClCompile Include="..\..\ArxTools\GeHelper.cpp">
      <Filter>ArxTools</Filter>
    </ClCompile>
    <ClCompile Include="..\..\ArxTools\gpc.cpp">
      <Filter>ArxTools</Filter>
    </ClCompile>
    <ClCompile Include="..\..\ArxTools\JigHelper.cpp">
      <Filter>ArxTools</Filter>
    </ClCompile>
    <ClCompile Include="..\..\ArxTools\LineSelect.cpp">
      <Filter>ArxTools</Filter>
    </ClCompile>
    <ClCompile Include="..\..\ArxTools\LoadCuix.cpp">
      <Filter>ArxTools</Filter>
    </ClCompile>
    <ClCompile Include="..\..\ArxTools\MixedHelper.cpp">
      <Filter>ArxTools</Filter>
    </ClCompile>
    <ClCompile Include="..\..\ArxTools\Opera.cpp">
      <Filter>ArxTools</Filter>
    </ClCompile>
    <ClCompile Include="..\..\ArxTools\PointInPolygon.cpp">
      <Filter>ArxTools</Filter>
    </ClCompile>
    <ClCompile Include="..\..\ArxTools\SDBDumyJigEntity.cpp">
      <Filter>ArxTools</Filter>
    </ClCompile>
    <ClCompile Include="..\..\ArxTools\win_iconv.cpp">
      <Filter>ArxTools</Filter>
    </ClCompile>
    <ClCompile Include="..\Parking_cad\HardDiskSerial.cpp">
      <Filter>Auth\Auth</Filter>
    </ClCompile>
    <ClCompile Include="..\Parking_cad\Authenticate.cpp">
      <Filter>Auth\Auth</Filter>
    </ClCompile>
    <ClCompile Include="..\base64\base64.cpp">
      <Filter>Auth\base64</Filter>
    </ClCompile>
    <ClCompile Include="..\DES_CBC_5\cipher_des.cpp">
      <Filter>Auth\DES</Filter>
    </ClCompile>
    <ClCompile Include="..\DES_CBC_5\cipher_padding.cpp">
      <Filter>Auth\DES</Filter>
    </ClCompile>
    <ClCompile Include="..\DES_CBC_5\DesHelper.cpp">
      <Filter>Auth\DES</Filter>
    </ClCompile>
    <ClCompile Include="..\DES_CBC_5\utils.cpp">
      <Filter>Auth\DES</Filter>
    </ClCompile>
    <ClCompile Include="..\jsoncpp\src\json_reader.cpp">
      <Filter>jsoncpp</Filter>
    </ClCompile>
    <ClCompile Include="..\jsoncpp\src\json_value.cpp">
      <Filter>jsoncpp</Filter>
    </ClCompile>
    <ClCompile Include="..\jsoncpp\src\json_writer.cpp">
      <Filter>jsoncpp</Filter>
    </ClCompile>
    <ClCompile Include="..\pystring\pystring.cpp">
      <Filter>pystring</Filter>
    </ClCompile>
    <ClCompile Include="..\Parking_cad\OperaAddFrame.cpp">
      <Filter>源文件</Filter>
    </ClCompile>
    <ClCompile Include="..\Parking_cad\DlgAddFrame.cpp">
      <Filter>源文件</Filter>
    </ClCompile>
    <ClCompile Include="..\Parking_cad\OperaModuleCall.cpp">
      <Filter>源文件</Filter>
    </ClCompile>
    <ClCompile Include="..\Parking_cad\OperaCoreWall.cpp">
      <Filter>源文件</Filter>
    </ClCompile>
    <ClCompile Include="..\TangentReader\HackerArcStair.cpp">
      <Filter>TangentReader</Filter>
    </ClCompile>
    <ClCompile Include="..\TangentReader\HackerColumn_VD.cpp">
      <Filter>TangentReader</Filter>
    </ClCompile>
    <ClCompile Include="..\TangentReader\HackerLineStair.cpp">
      <Filter>TangentReader</Filter>
    </ClCompile>
    <ClCompile Include="..\TangentReader\HackerRectStair.cpp">
      <Filter>TangentReader</Filter>
    </ClCompile>
    <ClCompile Include="..\TangentReader\HackerWall_VD.cpp">
      <Filter>TangentReader</Filter>
    </ClCompile>
    <ClCompile Include="..\Parking_cad\PointKey.cpp">
      <Filter>源文件</Filter>
    </ClCompile>
    <ClCompile Include="..\Parking_cad\CommonFuntion.cpp">
      <Filter>源文件</Filter>
    </ClCompile>
    <ClCompile Include="..\Parking_cad\OperaGergul.cpp">
      <Filter>源文件</Filter>
    </ClCompile>
    <ClCompile Include="..\Parking_cad\DlgEquipmentRoomSet.cpp">
      <Filter>源文件</Filter>
    </ClCompile>
    <ClCompile Include="..\Parking_cad\OperaEquipmentRoomSet.cpp">
      <Filter>源文件</Filter>
    </ClCompile>
    <ClCompile Include="..\..\ArxTools\ModulesManager.cpp">
      <Filter>ArxTools</Filter>
    </ClCompile>
  </ItemGroup>
  <ItemGroup>
    <ClInclude Include="..\Parking_cad\ArxDialog.h">
      <Filter>头文件</Filter>
    </ClInclude>
    <ClInclude Include="..\Parking_cad\DlgWaiting.h">
      <Filter>头文件</Filter>
    </ClInclude>
    <ClInclude Include="..\Parking_cad\DocData.h">
      <Filter>头文件</Filter>
    </ClInclude>
    <ClInclude Include="..\Parking_cad\EquipmentroomTool.h">
      <Filter>头文件</Filter>
    </ClInclude>
    <ClInclude Include="..\Parking_cad\MyEdit.h">
      <Filter>头文件</Filter>
    </ClInclude>
    <ClInclude Include="..\Parking_cad\OperaEquipmentroomRelated.h">
      <Filter>头文件</Filter>
    </ClInclude>
    <ClInclude Include="..\Parking_cad\OperaFirePoolSet.h">
      <Filter>头文件</Filter>
    </ClInclude>
    <ClInclude Include="..\Parking_cad\OperaFirePumpHouseSet.h">
      <Filter>头文件</Filter>
    </ClInclude>
    <ClInclude Include="..\Parking_cad\OperaLifePumpHouseSet.h">
      <Filter>头文件</Filter>
    </ClInclude>
    <ClInclude Include="..\Parking_cad\OperaLivingWaterTankSet.h">
      <Filter>头文件</Filter>
    </ClInclude>
    <ClInclude Include="..\Parking_cad\OperaParkingSpaceShow.h">
      <Filter>头文件</Filter>
    </ClInclude>
    <ClInclude Include="..\Parking_cad\OperaVillageSet.h">
      <Filter>头文件</Filter>
    </ClInclude>
    <ClInclude Include="..\Parking_cad\PictureEx.h">
      <Filter>头文件</Filter>
    </ClInclude>
    <ClInclude Include="..\Parking_cad\resource.h">
      <Filter>头文件</Filter>
    </ClInclude>
    <ClInclude Include="..\Parking_cad\StdAfx.h">
      <Filter>头文件</Filter>
    </ClInclude>
    <ClInclude Include="..\..\ArxTools\ArxProgressBar.h">
      <Filter>ArxTools</Filter>
    </ClInclude>
    <ClInclude Include="..\..\ArxTools\AutoRegCmd.h">
      <Filter>ArxTools</Filter>
    </ClInclude>
    <ClInclude Include="..\..\ArxTools\CadPreviewCtrl.h">
      <Filter>ArxTools</Filter>
    </ClInclude>
    <ClInclude Include="..\..\ArxTools\ClassFactory.h">
      <Filter>ArxTools</Filter>
    </ClInclude>
    <ClInclude Include="..\..\ArxTools\Convertor.h">
      <Filter>ArxTools</Filter>
    </ClInclude>
    <ClInclude Include="..\..\ArxTools\DBHelper.h">
      <Filter>ArxTools</Filter>
    </ClInclude>
    <ClInclude Include="..\..\ArxTools\DelayExecuter.h">
      <Filter>ArxTools</Filter>
    </ClInclude>
    <ClInclude Include="..\..\ArxTools\FileHelper.h">
      <Filter>ArxTools</Filter>
    </ClInclude>
    <ClInclude Include="..\..\ArxTools\GeHelper.h">
      <Filter>ArxTools</Filter>
    </ClInclude>
    <ClInclude Include="..\..\ArxTools\gpc.h">
      <Filter>ArxTools</Filter>
    </ClInclude>
    <ClInclude Include="..\..\ArxTools\iconv.h">
      <Filter>ArxTools</Filter>
    </ClInclude>
    <ClInclude Include="..\..\ArxTools\JigHelper.h">
      <Filter>ArxTools</Filter>
    </ClInclude>
    <ClInclude Include="..\..\ArxTools\LineSelect.h">
      <Filter>ArxTools</Filter>
    </ClInclude>
    <ClInclude Include="..\..\ArxTools\LoadCuix.h">
      <Filter>ArxTools</Filter>
    </ClInclude>
    <ClInclude Include="..\..\ArxTools\MixedHelper.h">
      <Filter>ArxTools</Filter>
    </ClInclude>
    <ClInclude Include="..\..\ArxTools\Opera.h">
      <Filter>ArxTools</Filter>
    </ClInclude>
    <ClInclude Include="..\..\ArxTools\PointInPolygon.h">
      <Filter>ArxTools</Filter>
    </ClInclude>
    <ClInclude Include="..\..\ArxTools\RTreeEx.h">
      <Filter>ArxTools</Filter>
    </ClInclude>
    <ClInclude Include="..\..\ArxTools\SDBDumyJigEntity.h">
      <Filter>ArxTools</Filter>
    </ClInclude>
    <ClInclude Include="..\Parking_cad\Authenticate.h">
      <Filter>Auth\Auth</Filter>
    </ClInclude>
    <ClInclude Include="..\Parking_cad\HardDiskSerial.h">
      <Filter>Auth\Auth</Filter>
    </ClInclude>
    <ClInclude Include="..\base64\base64.h">
      <Filter>Auth\base64</Filter>
    </ClInclude>
    <ClInclude Include="..\DES_CBC_5\cipher_des.h">
      <Filter>Auth\DES</Filter>
    </ClInclude>
    <ClInclude Include="..\DES_CBC_5\cipher_padding.h">
      <Filter>Auth\DES</Filter>
    </ClInclude>
    <ClInclude Include="..\DES_CBC_5\cipher_params.h">
      <Filter>Auth\DES</Filter>
    </ClInclude>
    <ClInclude Include="..\DES_CBC_5\DesHelper.h">
      <Filter>Auth\DES</Filter>
    </ClInclude>
    <ClInclude Include="..\DES_CBC_5\utils.h">
      <Filter>Auth\DES</Filter>
    </ClInclude>
    <ClInclude Include="..\jsoncpp\src\json_tool.h">
      <Filter>jsoncpp</Filter>
    </ClInclude>
    <ClInclude Include="..\jsoncpp\src\version.h">
      <Filter>jsoncpp</Filter>
    </ClInclude>
    <ClInclude Include="..\pystring\pystring.h">
      <Filter>pystring</Filter>
    </ClInclude>
    <ClInclude Include="..\Parking_cad\OperaAddFrame.h">
      <Filter>头文件</Filter>
    </ClInclude>
    <ClInclude Include="stdafx.h">
      <Filter>头文件</Filter>
    </ClInclude>
    <ClInclude Include="..\Parking_cad\DlgAddFrame.h">
      <Filter>头文件</Filter>
    </ClInclude>
    <ClInclude Include="..\Parking_cad\OperaModuleCall.h">
      <Filter>头文件</Filter>
    </ClInclude>
    <ClInclude Include="..\Parking_cad\Boundary.h">
      <Filter>头文件</Filter>
    </ClInclude>
    <ClInclude Include="..\Parking_cad\OperaCoreWall.h">
      <Filter>头文件</Filter>
    </ClInclude>
    <ClInclude Include="..\TangentReader\HackerArcStair.h">
      <Filter>TangentReader</Filter>
    </ClInclude>
    <ClInclude Include="..\TangentReader\HackerColumn_VD.h">
      <Filter>TangentReader</Filter>
    </ClInclude>
    <ClInclude Include="..\TangentReader\HackerLineStair.h">
      <Filter>TangentReader</Filter>
    </ClInclude>
    <ClInclude Include="..\TangentReader\HackerRectStair.h">
      <Filter>TangentReader</Filter>
    </ClInclude>
    <ClInclude Include="..\TangentReader\HackerWall_VD.h">
      <Filter>TangentReader</Filter>
    </ClInclude>
    <ClInclude Include="..\Parking_cad\PointKey.h">
      <Filter>头文件</Filter>
    </ClInclude>
    <ClInclude Include="..\Parking_cad\CommonFuntion.h">
      <Filter>头文件</Filter>
    </ClInclude>
    <ClInclude Include="..\Parking_cad\OperaGergul.h">
      <Filter>头文件</Filter>
    </ClInclude>
    <ClInclude Include="..\Parking_cad\DlgEquipmentRoomSet.h">
      <Filter>头文件</Filter>
    </ClInclude>
    <ClInclude Include="..\Parking_cad\OperaEquipmentRoomSet.h">
      <Filter>头文件</Filter>
    </ClInclude>
    <ClInclude Include="..\..\ArxTools\ModulesManager.h">
      <Filter>ArxTools</Filter>
    </ClInclude>
  </ItemGroup>
  <ItemGroup>
    <ResourceCompile Include="..\Parking_cad\Parking_cad.rc">
      <Filter>资源文件</Filter>
    </ResourceCompile>
  </ItemGroup>
  <ItemGroup>
    <None Include="..\..\ArxTools\DBHelper.inl">
      <Filter>ArxTools</Filter>
    </None>
    <None Include="..\..\ArxTools\readme.txt">
      <Filter>ArxTools</Filter>
    </None>
    <None Include="..\..\ArxTools\设置环境变量.bat">
      <Filter>ArxTools</Filter>
    </None>
    <None Include="..\jsoncpp\src\json_valueiterator.inl">
      <Filter>jsoncpp</Filter>
    </None>
  </ItemGroup>
</Project>